
Microsoft Visual Studio Solution File, Format Version 12.00
# Visual Studio Version 16
VisualStudioVersion = 16.0.31410.357
MinimumVisualStudioVersion = 10.0.40219.1
Project("{9A19103F-16F7-4668-BE54-9A1E7A4F7556}") = "balloonHarbourClientV2", "balloonHarbourClientV2\balloonHarbourClientV2.csproj", "{BA3B9858-0540-4613-A570-3E157FCB64C0}"
EndProject
Global
	GlobalSection(SolutionConfigurationPlatforms) = preSolution
		Debug|Any CPU = Debug|Any CPU
		Debug2|Any CPU = Debug2|Any CPU
		Release|Any CPU = Release|Any CPU
	EndGlobalSection
	GlobalSection(ProjectConfigurationPlatforms) = postSolution
		{BA3B9858-0540-4613-A570-3E157FCB64C0}.Debug|Any CPU.ActiveCfg = Debug|Any CPU
		{BA3B9858-0540-4613-A570-3E157FCB64C0}.Debug|Any CPU.Build.0 = Debug|Any CPU
		{BA3B9858-0540-4613-A570-3E157FCB64C0}.Debug2|Any CPU.ActiveCfg = Debug2|Any CPU
		{BA3B9858-0540-4613-A570-3E157FCB64C0}.Debug2|Any CPU.Build.0 = Debug2|Any CPU
		{BA3B9858-0540-4613-A570-3E157FCB64C0}.Release|Any CPU.ActiveCfg = Release|Any CPU
		{BA3B9858-0540-4613-A570-3E157FCB64C0}.Release|Any CPU.Build.0 = Release|Any CPU
	EndGlobalSection
	GlobalSection(SolutionProperties) = preSolution
		HideSolutionNode = FALSE
	EndGlobalSection
	GlobalSection(ExtensibilityGlobals) = postSolution
		SolutionGuid = {7243DB66-B6F9-4BE1-971C-49B211F4E4FF}
	EndGlobalSection
EndGlobal
